
Microsoft Visual Studio Solution File, Format Version 12.00
# Visual Studio Version 16
VisualStudioVersion = 16.0.31129.286
MinimumVisualStudioVersion = 10.0.40219.1
Project("{FAE04EC0-301F-11D3-BF4B-00C04F79EFBC}") = "DataAccess", "DataAccess\DataAccess.csproj", "{DE85486E-E13A-4220-8F47-5042FCA08D7E}"
EndProject
Project("{FAE04EC0-301F-11D3-BF4B-00C04F79EFBC}") = "Business", "Business\Business.csproj", "{D13AC061-2402-4EC0-B4CE-45E173632F6A}"
EndProject
Project("{FAE04EC0-301F-11D3-BF4B-00C04F79EFBC}") = "Entities", "Entities\Entities.csproj", "{A0BE950B-C5BF-48E1-9FAD-B6D369203A32}"
EndProject
Project("{FAE04EC0-301F-11D3-BF4B-00C04F79EFBC}") = "ConsoleUI", "ConsoleUI\ConsoleUI.csproj", "{A7CA2057-D28B-449C-B0B4-EEB0B2D808C5}"
EndProject
Global
	GlobalSection(SolutionConfigurationPlatforms) = preSolution
		Debug|Any CPU = Debug|Any CPU
		Release|Any CPU = Release|Any CPU
	EndGlobalSection
	GlobalSection(ProjectConfigurationPlatforms) = postSolution
		{DE85486E-E13A-4220-8F47-5042FCA08D7E}.Debug|Any CPU.ActiveCfg = Debug|Any CPU
		{DE85486E-E13A-4220-8F47-5042FCA08D7E}.Debug|Any CPU.Build.0 = Debug|Any CPU
		{DE85486E-E13A-4220-8F47-5042FCA08D7E}.Release|Any CPU.ActiveCfg = Release|Any CPU
		{DE85486E-E13A-4220-8F47-5042FCA08D7E}.Release|Any CPU.Build.0 = Release|Any CPU
		{D13AC061-2402-4EC0-B4CE-45E173632F6A}.Debug|Any CPU.ActiveCfg = Debug|Any CPU
		{D13AC061-2402-4EC0-B4CE-45E173632F6A}.Debug|Any CPU.Build.0 = Debug|Any CPU
		{D13AC061-2402-4EC0-B4CE-45E173632F6A}.Release|Any CPU.ActiveCfg = Release|Any CPU
		{D13AC061-2402-4EC0-B4CE-45E173632F6A}.Release|Any CPU.Build.0 = Release|Any CPU
		{A0BE950B-C5BF-48E1-9FAD-B6D369203A32}.Debug|Any CPU.ActiveCfg = Debug|Any CPU
		{A0BE950B-C5BF-48E1-9FAD-B6D369203A32}.Debug|Any CPU.Build.0 = Debug|Any CPU
		{A0BE950B-C5BF-48E1-9FAD-B6D369203A32}.Release|Any CPU.ActiveCfg = Release|Any CPU
		{A0BE950B-C5BF-48E1-9FAD-B6D369203A32}.Release|Any CPU.Build.0 = Release|Any CPU
		{A7CA2057-D28B-449C-B0B4-EEB0B2D808C5}.Debug|Any CPU.ActiveCfg = Debug|Any CPU
		{A7CA2057-D28B-449C-B0B4-EEB0B2D808C5}.Debug|Any CPU.Build.0 = Debug|Any CPU
		{A7CA2057-D28B-449C-B0B4-EEB0B2D808C5}.Release|Any CPU.ActiveCfg = Release|Any CPU
		{A7CA2057-D28B-449C-B0B4-EEB0B2D808C5}.Release|Any CPU.Build.0 = Release|Any CPU
	EndGlobalSection
	GlobalSection(SolutionProperties) = preSolution
		HideSolutionNode = FALSE
	EndGlobalSection
	GlobalSection(ExtensibilityGlobals) = postSolution
		SolutionGuid = {6F1EBF37-EE6D-4688-B374-6E97CF180B0A}
	EndGlobalSection
EndGlobal
